
Microsoft Visual Studio Solution File, Format Version 12.00
# Visual Studio 14
VisualStudioVersion = 14.0.25420.1
MinimumVisualStudioVersion = 10.0.40219.1
Project("{FAE04EC0-301F-11D3-BF4B-00C04F79EFBC}") = "HttpStudy", "HttpStudy\HttpStudy.csproj", "{336662D8-6B8A-4098-95FF-3AAA426177BB}"
EndProject
Project("{FAE04EC0-301F-11D3-BF4B-00C04F79EFBC}") = "Poker", "Poker\Poker.csproj", "{A6DA8B88-64AD-43D9-BA73-10EE5D0291B5}"
EndProject
Project("{FAE04EC0-301F-11D3-BF4B-00C04F79EFBC}") = "WPFStudy", "WPFStudy\WPFStudy.csproj", "{99E41A1A-95BE-4854-8662-864EA24C4BFF}"
EndProject
Project("{FAE04EC0-301F-11D3-BF4B-00C04F79EFBC}") = "FileUpload", "FileUpload\FileUpload.csproj", "{AC415A5D-F676-4512-A82A-E80B136A5914}"
EndProject
Project("{FAE04EC0-301F-11D3-BF4B-00C04F79EFBC}") = "Sign", "Sign\Sign.csproj", "{A7846CE5-A7FE-45C9-9612-078F3F15F102}"
EndProject
Project("{FAE04EC0-301F-11D3-BF4B-00C04F79EFBC}") = "Snake", "Snake\Snake.csproj", "{206E4F9F-2CD6-44DC-85C8-D066830EA975}"
EndProject
Global
	GlobalSection(SolutionConfigurationPlatforms) = preSolution
		Debug|Any CPU = Debug|Any CPU
		Release|Any CPU = Release|Any CPU
	EndGlobalSection
	GlobalSection(ProjectConfigurationPlatforms) = postSolution
		{336662D8-6B8A-4098-95FF-3AAA426177BB}.Debug|Any CPU.ActiveCfg = Debug|Any CPU
		{336662D8-6B8A-4098-95FF-3AAA426177BB}.Debug|Any CPU.Build.0 = Debug|Any CPU
		{336662D8-6B8A-4098-95FF-3AAA426177BB}.Release|Any CPU.ActiveCfg = Release|Any CPU
		{336662D8-6B8A-4098-95FF-3AAA426177BB}.Release|Any CPU.Build.0 = Release|Any CPU
		{A6DA8B88-64AD-43D9-BA73-10EE5D0291B5}.Debug|Any CPU.ActiveCfg = Debug|Any CPU
		{A6DA8B88-64AD-43D9-BA73-10EE5D0291B5}.Debug|Any CPU.Build.0 = Debug|Any CPU
		{A6DA8B88-64AD-43D9-BA73-10EE5D0291B5}.Release|Any CPU.ActiveCfg = Release|Any CPU
		{A6DA8B88-64AD-43D9-BA73-10EE5D0291B5}.Release|Any CPU.Build.0 = Release|Any CPU
		{99E41A1A-95BE-4854-8662-864EA24C4BFF}.Debug|Any CPU.ActiveCfg = Debug|Any CPU
		{99E41A1A-95BE-4854-8662-864EA24C4BFF}.Debug|Any CPU.Build.0 = Debug|Any CPU
		{99E41A1A-95BE-4854-8662-864EA24C4BFF}.Release|Any CPU.ActiveCfg = Release|Any CPU
		{99E41A1A-95BE-4854-8662-864EA24C4BFF}.Release|Any CPU.Build.0 = Release|Any CPU
		{AC415A5D-F676-4512-A82A-E80B136A5914}.Debug|Any CPU.ActiveCfg = Debug|Any CPU
		{AC415A5D-F676-4512-A82A-E80B136A5914}.Debug|Any CPU.Build.0 = Debug|Any CPU
		{AC415A5D-F676-4512-A82A-E80B136A5914}.Release|Any CPU.ActiveCfg = Release|Any CPU
		{AC415A5D-F676-4512-A82A-E80B136A5914}.Release|Any CPU.Build.0 = Release|Any CPU
		{A7846CE5-A7FE-45C9-9612-078F3F15F102}.Debug|Any CPU.ActiveCfg = Debug|Any CPU
		{A7846CE5-A7FE-45C9-9612-078F3F15F102}.Debug|Any CPU.Build.0 = Debug|Any CPU
		{A7846CE5-A7FE-45C9-9612-078F3F15F102}.Release|Any CPU.ActiveCfg = Release|Any CPU
		{A7846CE5-A7FE-45C9-9612-078F3F15F102}.Release|Any CPU.Build.0 = Release|Any CPU
		{206E4F9F-2CD6-44DC-85C8-D066830EA975}.Debug|Any CPU.ActiveCfg = Debug|Any CPU
		{206E4F9F-2CD6-44DC-85C8-D066830EA975}.Debug|Any CPU.Build.0 = Debug|Any CPU
		{206E4F9F-2CD6-44DC-85C8-D066830EA975}.Release|Any CPU.ActiveCfg = Release|Any CPU
		{206E4F9F-2CD6-44DC-85C8-D066830EA975}.Release|Any CPU.Build.0 = Release|Any CPU
	EndGlobalSection
	GlobalSection(SolutionProperties) = preSolution
		HideSolutionNode = FALSE
	EndGlobalSection
EndGlobal
